
Microsoft Visual Studio Solution File, Format Version 12.00
# Visual Studio 15
VisualStudioVersion = 15.0.28307.572
MinimumVisualStudioVersion = 10.0.40219.1
Project("{9A19103F-16F7-4668-BE54-9A1E7A4F7556}") = "dzAppOnev1_2", "dzAppOnev1_2\dzAppOnev1_2.csproj", "{DE3E6082-5AB0-404A-A60C-435E5E1E11EA}"
EndProject
Global
	GlobalSection(SolutionConfigurationPlatforms) = preSolution
		Debug|Any CPU = Debug|Any CPU
		Release|Any CPU = Release|Any CPU
	EndGlobalSection
	GlobalSection(ProjectConfigurationPlatforms) = postSolution
		{DE3E6082-5AB0-404A-A60C-435E5E1E11EA}.Debug|Any CPU.ActiveCfg = Debug|Any CPU
		{DE3E6082-5AB0-404A-A60C-435E5E1E11EA}.Debug|Any CPU.Build.0 = Debug|Any CPU
		{DE3E6082-5AB0-404A-A60C-435E5E1E11EA}.Release|Any CPU.ActiveCfg = Release|Any CPU
		{DE3E6082-5AB0-404A-A60C-435E5E1E11EA}.Release|Any CPU.Build.0 = Release|Any CPU
	EndGlobalSection
	GlobalSection(SolutionProperties) = preSolution
		HideSolutionNode = FALSE
	EndGlobalSection
	GlobalSection(ExtensibilityGlobals) = postSolution
		SolutionGuid = {DCF74C51-588E-4323-B01A-F308AFB1B106}
	EndGlobalSection
EndGlobal
